github.com/antlr4-go/antlr/v4 v4.13.1 h1:SqQKkuVZ+zWkMMNkjy5FZe5mr5WURWnlpmOuzYWrPrQ=
github.com/antlr4-go/antlr/v4 v4.13.1/go.mod h1:GKmUxMtwp6ZgGwZSva4eWPC5mS6vUAmOABFgjdkM7Nw=
github.com/bytebase/trino-parser v0.0.0-20250417173245-6e3be8aca5be h1:hqP7H547CK+6XDP5rw+mdethixN5VuabYPOc+vS5U5Y=
github.com/bytebase/trino-parser v0.0.0-20250417173245-6e3be8aca5be/go.mod h1:WQlevms82sWv5JmVepIPMncSRyCaoHfpK4haIz6EVBU=
golang.org/x/exp v0.0.0-20240506185415-9bf2ced13842 h1:vr/HnozRka3pE4EsMEg1lgkXJkTFJCVUX+S/ZT6wYzM=
golang.org/x/exp v0.0.0-20240506185415-9bf2ced13842/go.mod h1:XtvwrStGgqGPLc4cjQfWqZHG1YFdYs6swckp8vpsjnc=
